
Microsoft Visual Studio Solution File, Format Version 12.00
# Visual Studio Version 17
VisualStudioVersion = 17.1.32414.318
MinimumVisualStudioVersion = 10.0.40219.1
Project("{FAE04EC0-301F-11D3-BF4B-00C04F79EFBC}") = "FactoryMethod", "FactoryMethod.csproj", "{7C07D2E8-DC6D-4B6E-8061-BBB794319DA3}"
EndProject
Global
	GlobalSection(SolutionConfigurationPlatforms) = preSolution
		Debug|Any CPU = Debug|Any CPU
		Release|Any CPU = Release|Any CPU
	EndGlobalSection
	GlobalSection(ProjectConfigurationPlatforms) = postSolution
		{7C07D2E8-DC6D-4B6E-8061-BBB794319DA3}.Debug|Any CPU.ActiveCfg = Debug|Any CPU
		{7C07D2E8-DC6D-4B6E-8061-BBB794319DA3}.Debug|Any CPU.Build.0 = Debug|Any CPU
		{7C07D2E8-DC6D-4B6E-8061-BBB794319DA3}.Release|Any CPU.ActiveCfg = Release|Any CPU
		{7C07D2E8-DC6D-4B6E-8061-BBB794319DA3}.Release|Any CPU.Build.0 = Release|Any CPU
	EndGlobalSection
	GlobalSection(SolutionProperties) = preSolution
		HideSolutionNode = FALSE
	EndGlobalSection
	GlobalSection(ExtensibilityGlobals) = postSolution
		SolutionGuid = {E3E79820-C95C-4FCE-A2F5-0399A70EE19B}
	EndGlobalSection
EndGlobal
